PODS:
  - BBDeviceSPoC (1.0.0)
  - BBPOS (1.0.1)
  - EMVCore (1.0.1)
  - GlobalPaymentsApi (1.0.2)
  - Heartland-iOS-SDK (1.1.10):
    - BBDeviceSPoC
    - BBPOS (= 1.0.1)
    - EMVCore
    - VitalSDK
    - XMLDictionary
  - VitalSDK (1.0.2):
    - BBPOS
    - GlobalPaymentsApi
  - XMLDictionary (1.4.1)

DEPENDENCIES:
  - Heartland-iOS-SDK (from `../`)

SPEC REPOS:
  https://github.com/CocoaPods/Specs.git:
    - BBDeviceSPoC
    - BBPOS
    - EMVCore
    - GlobalPaymentsApi
    - VitalSDK
    - XMLDictionary

EXTERNAL SOURCES:
  Heartland-iOS-SDK:
    :path: "../"

SPEC CHECKSUMS:
  BBDeviceSPoC: 43bcc9756f7a334890a5838c0b71e1074f4c3fb3
  BBPOS: 2b11ca7c113f426a76d8b15bb370ac89624799eb
  EMVCore: 2bf1f1c5f35731420cd34b5dc401b1c9edea7f6f
  GlobalPaymentsApi: a5c7d90f3d9a8d3406394769c1a67fff28a2382c
  Heartland-iOS-SDK: bcce850603ba27c426019593f566a8918a17a14e
  VitalSDK: 0732174b9d4f41c891cbe74f15fbd6e7e66084a4
  XMLDictionary: fa07b6ff422b3a91d47a5de9bc82e3fc04fbd167

PODFILE CHECKSUM: 749bdb42e7856575acb5efb1495002f39403a84e

COCOAPODS: 1.10.1
